// !$*UTF8*$!
{
	archiveVersion = 1;
	classes = {
	};
	objectVersion = 45;
	objects = {

/* Begin PBXBuildFile section */
		1D3623260D0F684500981E51 /* MonopolyAppDelegate.m in Sources */ = {isa = PBXBuildFile; fileRef = 1D3623250D0F684500981E51 /* MonopolyAppDelegate.m */; };
		1D60589B0D05DD56006BFB54 /* main.m in Sources */ = {isa = PBXBuildFile; fileRef = 29B97316FDCFA39411CA2CEA /* main.m */; };
		1D60589F0D05DD5A006BFB54 /* Foundation.framework in Frameworks */ = {isa = PBXBuildFile; fileRef = 1D30AB110D05D00D00671497 /* Foundation.framework */; };
		1DF5F4E00D08C38300B7A737 /* UIKit.framework in Frameworks */ = {isa = PBXBuildFile; fileRef = 1DF5F4DF0D08C38300B7A737 /* UIKit.framework */; };
		288765A50DF7441C002DB57D /* CoreGraphics.framework in Frameworks */ = {isa = PBXBuildFile; fileRef = 288765A40DF7441C002DB57D /* CoreGraphics.framework */; };
		28AD733F0D9D9553002E5188 /* MainWindow.xib in Resources */ = {isa = PBXBuildFile; fileRef = 28AD733E0D9D9553002E5188 /* MainWindow.xib */; };
		28C3AD8A0F43EF2300507BA6 /* Monopoly.xcdatamodel in Sources */ = {isa = PBXBuildFile; fileRef = 28C3AD890F43EF2300507BA6 /* Monopoly.xcdatamodel */; };
		28D801B40F44B63D00FB423F /* CoreData.framework in Frameworks */ = {isa = PBXBuildFile; fileRef = 28D801B30F44B63D00FB423F /* CoreData.framework */; settings = {ATTRIBUTES = (Weak, ); }; };
		830E69580F927ED4005D1E44 /* GameController.m in Sources */ = {isa = PBXBuildFile; fileRef = 830E69540F927ED4005D1E44 /* GameController.m */; };
		830E69590F927ED4005D1E44 /* Player.m in Sources */ = {isa = PBXBuildFile; fileRef = 830E69570F927ED4005D1E44 /* Player.m */; };
		831A82160F8949C600ACCE76 /* Die.m in Sources */ = {isa = PBXBuildFile; fileRef = 831A82150F8949C600ACCE76 /* Die.m */; };
		8346B8A70FB9280600FA9908 /* newboardshrunk.png in Resources */ = {isa = PBXBuildFile; fileRef = 8346B8A60FB9280600FA9908 /* newboardshrunk.png */; };
		83830CC80F9EF5FE00C47AAC /* monopoly-man.jpg in Resources */ = {isa = PBXBuildFile; fileRef = 83830CC70F9EF5FE00C47AAC /* monopoly-man.jpg */; };
		83830CCB0F9EF78E00C47AAC /* Icon.png in Resources */ = {isa = PBXBuildFile; fileRef = 83830CC90F9EF78E00C47AAC /* Icon.png */; };
		83830CCC0F9EF78E00C47AAC /* Icon512.png in Resources */ = {isa = PBXBuildFile; fileRef = 83830CCA0F9EF78E00C47AAC /* Icon512.png */; };
		8384CAD20FAC1AD800309647 /* PlayerScreenDetail.m in Sources */ = {isa = PBXBuildFile; fileRef = 8384CAD00FAC1AD800309647 /* PlayerScreenDetail.m */; };
		8384CAD30FAC1AD800309647 /* PlayerScreenDetail.xib in Resources */ = {isa = PBXBuildFile; fileRef = 8384CAD10FAC1AD800309647 /* PlayerScreenDetail.xib */; };
		839B71E30F9BADF8007C2A7C /* Monopoly.xcclassmodel in Resources */ = {isa = PBXBuildFile; fileRef = 839B71E20F9BADF8007C2A7C /* Monopoly.xcclassmodel */; };
		839CF9DA0F89B13B001505FD /* GameBoard.m in Sources */ = {isa = PBXBuildFile; fileRef = 839CF9D90F89B13B001505FD /* GameBoard.m */; };
		839CF9E00F89B2B2001505FD /* GameBoardSpace.m in Sources */ = {isa = PBXBuildFile; fileRef = 839CF9DF0F89B2B2001505FD /* GameBoardSpace.m */; };
		839DF34D0F9ECC5600B0235D /* MonopolySpaces.plist in Resources */ = {isa = PBXBuildFile; fileRef = 839DF34C0F9ECC5600B0235D /* MonopolySpaces.plist */; };
		839EB7EF0FA18322005CB448 /* GameScreen.m in Sources */ = {isa = PBXBuildFile; fileRef = 839EB7ED0FA18322005CB448 /* GameScreen.m */; };
		839EB7F00FA18322005CB448 /* GameScreen.xib in Resources */ = {isa = PBXBuildFile; fileRef = 839EB7EE0FA18322005CB448 /* GameScreen.xib */; };
		839EB7F40FA18335005CB448 /* BoardScreen.m in Sources */ = {isa = PBXBuildFile; fileRef = 839EB7F20FA18335005CB448 /* BoardScreen.m */; };
		839EB7F50FA18335005CB448 /* BoardScreen.xib in Resources */ = {isa = PBXBuildFile; fileRef = 839EB7F30FA18335005CB448 /* BoardScreen.xib */; };
		839EB7FC0FA18442005CB448 /* PlayersScreen.m in Sources */ = {isa = PBXBuildFile; fileRef = 839EB7FA0FA18442005CB448 /* PlayersScreen.m */; };
		839EB7FD0FA18442005CB448 /* PlayersScreen.xib in Resources */ = {isa = PBXBuildFile; fileRef = 839EB7FB0FA18442005CB448 /* PlayersScreen.xib */; };
		83A7ED260FD7BDAC00908502 /* person.png in Resources */ = {isa = PBXBuildFile; fileRef = 83A7ED250FD7BDAC00908502 /* person.png */; };
		83A7ED280FD7BEBB00908502 /* die.png in Resources */ = {isa = PBXBuildFile; fileRef = 83A7ED270FD7BEBB00908502 /* die.png */; };
		83A7ED600FD7C11400908502 /* bullettrain.png in Resources */ = {isa = PBXBuildFile; fileRef = 83A7ED5A0FD7C11400908502 /* bullettrain.png */; };
		83A7ED610FD7C11400908502 /* car.png in Resources */ = {isa = PBXBuildFile; fileRef = 83A7ED5B0FD7C11400908502 /* car.png */; };
		83A7ED620FD7C11400908502 /* dog.png in Resources */ = {isa = PBXBuildFile; fileRef = 83A7ED5C0FD7C11400908502 /* dog.png */; };
		83A7ED630FD7C11400908502 /* hat.png in Resources */ = {isa = PBXBuildFile; fileRef = 83A7ED5D0FD7C11400908502 /* hat.png */; };
		83A7ED640FD7C11400908502 /* horse.png in Resources */ = {isa = PBXBuildFile; fileRef = 83A7ED5E0FD7C11400908502 /* horse.png */; };
		83A7ED650FD7C11400908502 /* thimble.png in Resources */ = {isa = PBXBuildFile; fileRef = 83A7ED5F0FD7C11400908502 /* thimble.png */; };
		83A7ED7F0FD7C36700908502 /* Default.png in Resources */ = {isa = PBXBuildFile; fileRef = 83A7ED7E0FD7C36700908502 /* Default.png */; };
		83BA2E050F9CFB12005A76F1 /* GameStartupScreen.m in Sources */ = {isa = PBXBuildFile; fileRef = 83BA2E030F9CFB12005A76F1 /* GameStartupScreen.m */; };
		83CABAFE0FCF761E004E80CD /* RailRoadBoardSpace.m in Sources */ = {isa = PBXBuildFile; fileRef = 83CABAFD0FCF761E004E80CD /* RailRoadBoardSpace.m */; };
		83CABB0E0FCF7AF6004E80CD /* GoToJailSpace.m in Sources */ = {isa = PBXBuildFile; fileRef = 83CABB0D0FCF7AF6004E80CD /* GoToJailSpace.m */; };
		83DAFEFC0FAD5D23001227D6 /* PreGameSettings.m in Sources */ = {isa = PBXBuildFile; fileRef = 83DAFEFA0FAD5D23001227D6 /* PreGameSettings.m */; };
		83DAFEFD0FAD5D23001227D6 /* PreGameSettings.xib in Resources */ = {isa = PBXBuildFile; fileRef = 83DAFEFB0FAD5D23001227D6 /* PreGameSettings.xib */; };
		83DFDF6D0FA6D56800A616A7 /* PropertyBoardSpace.m in Sources */ = {isa = PBXBuildFile; fileRef = 83DFDF6C0FA6D56800A616A7 /* PropertyBoardSpace.m */; };
		83DFDF710FA6D63200A616A7 /* ImprovablePropertySpace.m in Sources */ = {isa = PBXBuildFile; fileRef = 83DFDF700FA6D63200A616A7 /* ImprovablePropertySpace.m */; };
		83E807230FAFF4DC00194F55 /* GameTurn.m in Sources */ = {isa = PBXBuildFile; fileRef = 83E807210FAFF4DC00194F55 /* GameTurn.m */; };
		83E807240FAFF4DC00194F55 /* GameTurn.xib in Resources */ = {isa = PBXBuildFile; fileRef = 83E807220FAFF4DC00194F55 /* GameTurn.xib */; };
		83F4444A0FC0E80100704C5E /* background.jpg in Resources */ = {isa = PBXBuildFile; fileRef = 83F444490FC0E80100704C5E /* background.jpg */; };
		83F444730FC4E98400704C5E /* UtilityBoardSpace.m in Sources */ = {isa = PBXBuildFile; fileRef = 83F444720FC4E98400704C5E /* UtilityBoardSpace.m */; };
		83F4447B0FC4EEB000704C5E /* ChanceBoardSpace.m in Sources */ = {isa = PBXBuildFile; fileRef = 83F4447A0FC4EEB000704C5E /* ChanceBoardSpace.m */; };
		83F444810FC4F17600704C5E /* CommunityChestBoardSpace.m in Sources */ = {isa = PBXBuildFile; fileRef = 83F444800FC4F17600704C5E /* CommunityChestBoardSpace.m */; };
		83F444860FC4F25E00704C5E /* LuxuryTaxBoardSpace.m in Sources */ = {isa = PBXBuildFile; fileRef = 83F444850FC4F25E00704C5E /* LuxuryTaxBoardSpace.m */; };
		83F4448D0FC4F38E00704C5E /* IncomeTaxBoardSpace.m in Sources */ = {isa = PBXBuildFile; fileRef = 83F4448C0FC4F38E00704C5E /* IncomeTaxBoardSpace.m */; };
/* End PBXBuildFile section */

/* Begin PBXFileReference section */
		1D30AB110D05D00D00671497 /* Foundation.framework */ = {isa = PBXFileReference; lastKnownFileType = wrapper.framework; name = Foundation.framework; path = System/Library/Frameworks/Foundation.framework; sourceTree = SDKROOT; };
		1D3623240D0F684500981E51 /* MonopolyAppDelegate.h */ = {isa = PBXFileReference; fileEncoding = 4; lastKnownFileType = sourcecode.c.h; path = MonopolyAppDelegate.h; sourceTree = "<group>"; };
		1D3623250D0F684500981E51 /* MonopolyAppDelegate.m */ = {isa = PBXFileReference; fileEncoding = 4; lastKnownFileType = sourcecode.c.objc; path = MonopolyAppDelegate.m; sourceTree = "<group>"; };
		1D6058910D05DD3D006BFB54 /* Monopoly.app */ = {isa = PBXFileReference; explicitFileType = wrapper.application; includeInIndex = 0; path = Monopoly.app; sourceTree = BUILT_PRODUCTS_DIR; };
		1DF5F4DF0D08C38300B7A737 /* UIKit.framework */ = {isa = PBXFileReference; lastKnownFileType = wrapper.framework; name = UIKit.framework; path = System/Library/Frameworks/UIKit.framework; sourceTree = SDKROOT; };
		288765A40DF7441C002DB57D /* CoreGraphics.framework */ = {isa = PBXFileReference; lastKnownFileType = wrapper.framework; name = CoreGraphics.framework; path = System/Library/Frameworks/CoreGraphics.framework; sourceTree = SDKROOT; };
		28AD733E0D9D9553002E5188 /* MainWindow.xib */ = {isa = PBXFileReference; lastKnownFileType = file.xib; name = MainWindow.xib; path = ../nibs/MainWindow.xib; sourceTree = "<group>"; };
		28C3AD890F43EF2300507BA6 /* Monopoly.xcdatamodel */ = {isa = PBXFileReference; fileEncoding = 4; lastKnownFileType = wrapper.xcdatamodel; path = Monopoly.xcdatamodel; sourceTree = "<group>"; };
		28D801B30F44B63D00FB423F /* CoreData.framework */ = {isa = PBXFileReference; lastKnownFileType = wrapper.framework; name = CoreData.framework; path = System/Library/Frameworks/CoreData.framework; sourceTree = SDKROOT; };
		29B97316FDCFA39411CA2CEA /* main.m */ = {isa = PBXFileReference; fileEncoding = 4; lastKnownFileType = sourcecode.c.objc; path = main.m; sourceTree = "<group>"; };
		32CA4F630368D1EE00C91783 /* Monopoly_Prefix.pch */ = {isa = PBXFileReference; fileEncoding = 4; lastKnownFileType = sourcecode.c.h; path = Monopoly_Prefix.pch; sourceTree = "<group>"; };
		830E69530F927ED4005D1E44 /* GameController.h */ = {isa = PBXFileReference; fileEncoding = 4; lastKnownFileType = sourcecode.c.h; path = GameController.h; sourceTree = "<group>"; };
		830E69540F927ED4005D1E44 /* GameController.m */ = {isa = PBXFileReference; fileEncoding = 4; lastKnownFileType = sourcecode.c.objc; path = GameController.m; sourceTree = "<group>"; };
		830E69560F927ED4005D1E44 /* Player.h */ = {isa = PBXFileReference; fileEncoding = 4; lastKnownFileType = sourcecode.c.h; path = Player.h; sourceTree = "<group>"; };
		830E69570F927ED4005D1E44 /* Player.m */ = {isa = PBXFileReference; fileEncoding = 4; lastKnownFileType = sourcecode.c.objc; path = Player.m; sourceTree = "<group>"; };
		831A82140F8949C600ACCE76 /* Die.h */ = {isa = PBXFileReference; fileEncoding = 4; lastKnownFileType = sourcecode.c.h; path = Die.h; sourceTree = "<group>"; };
		831A82150F8949C600ACCE76 /* Die.m */ = {isa = PBXFileReference; fileEncoding = 4; lastKnownFileType = sourcecode.c.objc; path = Die.m; sourceTree = "<group>"; };
		8346B8A60FB9280600FA9908 /* newboardshrunk.png */ = {isa = PBXFileReference; lastKnownFileType = image.png; path = newboardshrunk.png; sourceTree = "<group>"; };
		83830CC70F9EF5FE00C47AAC /* monopoly-man.jpg */ = {isa = PBXFileReference; lastKnownFileType = image.jpeg; path = "monopoly-man.jpg"; sourceTree = "<group>"; };
		83830CC90F9EF78E00C47AAC /* Icon.png */ = {isa = PBXFileReference; lastKnownFileType = image.png; path = Icon.png; sourceTree = "<group>"; };
		83830CCA0F9EF78E00C47AAC /* Icon512.png */ = {isa = PBXFileReference; lastKnownFileType = image.png; path = Icon512.png; sourceTree = "<group>"; };
		8384CACF0FAC1AD800309647 /* PlayerScreenDetail.h */ = {isa = PBXFileReference; fileEncoding = 4; lastKnownFileType = sourcecode.c.h; path = PlayerScreenDetail.h; sourceTree = "<group>"; };
		8384CAD00FAC1AD800309647 /* PlayerScreenDetail.m */ = {isa = PBXFileReference; fileEncoding = 4; lastKnownFileType = sourcecode.c.objc; path = PlayerScreenDetail.m; sourceTree = "<group>"; };
		8384CAD10FAC1AD800309647 /* PlayerScreenDetail.xib */ = {isa = PBXFileReference; lastKnownFileType = file.xib; path = PlayerScreenDetail.xib; sourceTree = "<group>"; };
		839B71E20F9BADF8007C2A7C /* Monopoly.xcclassmodel */ = {isa = PBXFileReference; lastKnownFileType = wrapper.xcclassmodel; path = Monopoly.xcclassmodel; sourceTree = "<group>"; };
		839CF9D80F89B13B001505FD /* GameBoard.h */ = {isa = PBXFileReference; fileEncoding = 4; lastKnownFileType = sourcecode.c.h; path = GameBoard.h; sourceTree = "<group>"; };
		839CF9D90F89B13B001505FD /* GameBoard.m */ = {isa = PBXFileReference; fileEncoding = 4; lastKnownFileType = sourcecode.c.objc; path = GameBoard.m; sourceTree = "<group>"; };
		839CF9DE0F89B2B2001505FD /* GameBoardSpace.h */ = {isa = PBXFileReference; fileEncoding = 4; lastKnownFileType = sourcecode.c.h; path = GameBoardSpace.h; sourceTree = "<group>"; };
		839CF9DF0F89B2B2001505FD /* GameBoardSpace.m */ = {isa = PBXFileReference; fileEncoding = 4; lastKnownFileType = sourcecode.c.objc; path = GameBoardSpace.m; sourceTree = "<group>"; };
		839DF34C0F9ECC5600B0235D /* MonopolySpaces.plist */ = {isa = PBXFileReference; fileEncoding = 4; lastKnownFileType = text.plist.xml; path = MonopolySpaces.plist; sourceTree = "<group>"; };
		839EB7EC0FA18322005CB448 /* GameScreen.h */ = {isa = PBXFileReference; fileEncoding = 4; lastKnownFileType = sourcecode.c.h; path = GameScreen.h; sourceTree = "<group>"; };
		839EB7ED0FA18322005CB448 /* GameScreen.m */ = {isa = PBXFileReference; fileEncoding = 4; lastKnownFileType = sourcecode.c.objc; path = GameScreen.m; sourceTree = "<group>"; };
		839EB7EE0FA18322005CB448 /* GameScreen.xib */ = {isa = PBXFileReference; lastKnownFileType = file.xib; path = GameScreen.xib; sourceTree = "<group>"; };
		839EB7F10FA18335005CB448 /* BoardScreen.h */ = {isa = PBXFileReference; fileEncoding = 4; lastKnownFileType = sourcecode.c.h; path = BoardScreen.h; sourceTree = "<group>"; };
		839EB7F20FA18335005CB448 /* BoardScreen.m */ = {isa = PBXFileReference; fileEncoding = 4; lastKnownFileType = sourcecode.c.objc; path = BoardScreen.m; sourceTree = "<group>"; };
		839EB7F30FA18335005CB448 /* BoardScreen.xib */ = {isa = PBXFileReference; lastKnownFileType = file.xib; path = BoardScreen.xib; sourceTree = "<group>"; };
		839EB7F90FA18442005CB448 /* PlayersScreen.h */ = {isa = PBXFileReference; fileEncoding = 4; lastKnownFileType = sourcecode.c.h; path = PlayersScreen.h; sourceTree = "<group>"; };
		839EB7FA0FA18442005CB448 /* PlayersScreen.m */ = {isa = PBXFileReference; fileEncoding = 4; lastKnownFileType = sourcecode.c.objc; path = PlayersScreen.m; sourceTree = "<group>"; };
		839EB7FB0FA18442005CB448 /* PlayersScreen.xib */ = {isa = PBXFileReference; lastKnownFileType = file.xib; path = PlayersScreen.xib; sourceTree = "<group>"; };
		83A7ED250FD7BDAC00908502 /* person.png */ = {isa = PBXFileReference; lastKnownFileType = image.png; name = person.png; path = ../../../Desktop/person.png; sourceTree = SOURCE_ROOT; };
		83A7ED270FD7BEBB00908502 /* die.png */ = {isa = PBXFileReference; lastKnownFileType = image.png; name = die.png; path = ../../../Desktop/die.png; sourceTree = SOURCE_ROOT; };
		83A7ED5A0FD7C11400908502 /* bullettrain.png */ = {isa = PBXFileReference; lastKnownFileType = image.png; path = bullettrain.png; sourceTree = "<group>"; };
		83A7ED5B0FD7C11400908502 /* car.png */ = {isa = PBXFileReference; lastKnownFileType = image.png; path = car.png; sourceTree = "<group>"; };
		83A7ED5C0FD7C11400908502 /* dog.png */ = {isa = PBXFileReference; lastKnownFileType = image.png; path = dog.png; sourceTree = "<group>"; };
		83A7ED5D0FD7C11400908502 /* hat.png */ = {isa = PBXFileReference; lastKnownFileType = image.png; path = hat.png; sourceTree = "<group>"; };
		83A7ED5E0FD7C11400908502 /* horse.png */ = {isa = PBXFileReference; lastKnownFileType = image.png; path = horse.png; sourceTree = "<group>"; };
		83A7ED5F0FD7C11400908502 /* thimble.png */ = {isa = PBXFileReference; lastKnownFileType = image.png; path = thimble.png; sourceTree = "<group>"; };
		83A7ED7E0FD7C36700908502 /* Default.png */ = {isa = PBXFileReference; lastKnownFileType = image.png; path = Default.png; sourceTree = "<group>"; };
		83BA2E020F9CFB12005A76F1 /* GameStartupScreen.h */ = {isa = PBXFileReference; fileEncoding = 4; lastKnownFileType = sourcecode.c.h; path = GameStartupScreen.h; sourceTree = "<group>"; };
		83BA2E030F9CFB12005A76F1 /* GameStartupScreen.m */ = {isa = PBXFileReference; fileEncoding = 4; lastKnownFileType = sourcecode.c.objc; path = GameStartupScreen.m; sourceTree = "<group>"; };
		83CABAFC0FCF761E004E80CD /* RailRoadBoardSpace.h */ = {isa = PBXFileReference; fileEncoding = 4; lastKnownFileType = sourcecode.c.h; path = RailRoadBoardSpace.h; sourceTree = "<group>"; };
		83CABAFD0FCF761E004E80CD /* RailRoadBoardSpace.m */ = {isa = PBXFileReference; fileEncoding = 4; lastKnownFileType = sourcecode.c.objc; path = RailRoadBoardSpace.m; sourceTree = "<group>"; };
		83CABB0C0FCF7AF6004E80CD /* GoToJailSpace.h */ = {isa = PBXFileReference; fileEncoding = 4; lastKnownFileType = sourcecode.c.h; path = GoToJailSpace.h; sourceTree = "<group>"; };
		83CABB0D0FCF7AF6004E80CD /* GoToJailSpace.m */ = {isa = PBXFileReference; fileEncoding = 4; lastKnownFileType = sourcecode.c.objc; path = GoToJailSpace.m; sourceTree = "<group>"; };
		83DAFEF90FAD5D23001227D6 /* PreGameSettings.h */ = {isa = PBXFileReference; fileEncoding = 4; lastKnownFileType = sourcecode.c.h; path = PreGameSettings.h; sourceTree = "<group>"; };
		83DAFEFA0FAD5D23001227D6 /* PreGameSettings.m */ = {isa = PBXFileReference; fileEncoding = 4; lastKnownFileType = sourcecode.c.objc; path = PreGameSettings.m; sourceTree = "<group>"; };
		83DAFEFB0FAD5D23001227D6 /* PreGameSettings.xib */ = {isa = PBXFileReference; lastKnownFileType = file.xib; path = PreGameSettings.xib; sourceTree = "<group>"; };
		83DFDF6B0FA6D56800A616A7 /* PropertyBoardSpace.h */ = {isa = PBXFileReference; fileEncoding = 4; lastKnownFileType = sourcecode.c.h; path = PropertyBoardSpace.h; sourceTree = "<group>"; };
		83DFDF6C0FA6D56800A616A7 /* PropertyBoardSpace.m */ = {isa = PBXFileReference; fileEncoding = 4; lastKnownFileType = sourcecode.c.objc; path = PropertyBoardSpace.m; sourceTree = "<group>"; };
		83DFDF6F0FA6D63200A616A7 /* ImprovablePropertySpace.h */ = {isa = PBXFileReference; fileEncoding = 4; lastKnownFileType = sourcecode.c.h; path = ImprovablePropertySpace.h; sourceTree = "<group>"; };
		83DFDF700FA6D63200A616A7 /* ImprovablePropertySpace.m */ = {isa = PBXFileReference; fileEncoding = 4; lastKnownFileType = sourcecode.c.objc; path = ImprovablePropertySpace.m; sourceTree = "<group>"; };
		83E807200FAFF4DC00194F55 /* GameTurn.h */ = {isa = PBXFileReference; fileEncoding = 4; lastKnownFileType = sourcecode.c.h; path = GameTurn.h; sourceTree = "<group>"; };
		83E807210FAFF4DC00194F55 /* GameTurn.m */ = {isa = PBXFileReference; fileEncoding = 4; lastKnownFileType = sourcecode.c.objc; path = GameTurn.m; sourceTree = "<group>"; };
		83E807220FAFF4DC00194F55 /* GameTurn.xib */ = {isa = PBXFileReference; lastKnownFileType = file.xib; path = GameTurn.xib; sourceTree = "<group>"; };
		83F444490FC0E80100704C5E /* background.jpg */ = {isa = PBXFileReference; lastKnownFileType = image.jpeg; path = background.jpg; sourceTree = "<group>"; };
		83F444710FC4E98400704C5E /* UtilityBoardSpace.h */ = {isa = PBXFileReference; fileEncoding = 4; lastKnownFileType = sourcecode.c.h; path = UtilityBoardSpace.h; sourceTree = "<group>"; };
		83F444720FC4E98400704C5E /* UtilityBoardSpace.m */ = {isa = PBXFileReference; fileEncoding = 4; lastKnownFileType = sourcecode.c.objc; path = UtilityBoardSpace.m; sourceTree = "<group>"; };
		83F444790FC4EEB000704C5E /* ChanceBoardSpace.h */ = {isa = PBXFileReference; fileEncoding = 4; lastKnownFileType = sourcecode.c.h; path = ChanceBoardSpace.h; sourceTree = "<group>"; };
		83F4447A0FC4EEB000704C5E /* ChanceBoardSpace.m */ = {isa = PBXFileReference; fileEncoding = 4; lastKnownFileType = sourcecode.c.objc; path = ChanceBoardSpace.m; sourceTree = "<group>"; };
		83F4447F0FC4F17600704C5E /* CommunityChestBoardSpace.h */ = {isa = PBXFileReference; fileEncoding = 4; lastKnownFileType = sourcecode.c.h; path = CommunityChestBoardSpace.h; sourceTree = "<group>"; };
		83F444800FC4F17600704C5E /* CommunityChestBoardSpace.m */ = {isa = PBXFileReference; fileEncoding = 4; lastKnownFileType = sourcecode.c.objc; path = CommunityChestBoardSpace.m; sourceTree = "<group>"; };
		83F444840FC4F25E00704C5E /* LuxuryTaxBoardSpace.h */ = {isa = PBXFileReference; fileEncoding = 4; lastKnownFileType = sourcecode.c.h; path = LuxuryTaxBoardSpace.h; sourceTree = "<group>"; };
		83F444850FC4F25E00704C5E /* LuxuryTaxBoardSpace.m */ = {isa = PBXFileReference; fileEncoding = 4; lastKnownFileType = sourcecode.c.objc; path = LuxuryTaxBoardSpace.m; sourceTree = "<group>"; };
		83F4448B0FC4F38E00704C5E /* IncomeTaxBoardSpace.h */ = {isa = PBXFileReference; fileEncoding = 4; lastKnownFileType = sourcecode.c.h; path = IncomeTaxBoardSpace.h; sourceTree = "<group>"; };
		83F4448C0FC4F38E00704C5E /* IncomeTaxBoardSpace.m */ = {isa = PBXFileReference; fileEncoding = 4; lastKnownFileType = sourcecode.c.objc; path = IncomeTaxBoardSpace.m; sourceTree = "<group>"; };
		8D1107310486CEB800E47090 /* Monopoly-Info.plist */ = {isa = PBXFileReference; fileEncoding = 4; lastKnownFileType = text.plist.xml; path = "Monopoly-Info.plist"; sourceTree = "<group>"; };
/* End PBXFileReference section */

/* Begin PBXFrameworksBuildPhase section */
		1D60588F0D05DD3D006BFB54 /* Frameworks */ = {
			isa = PBXFrameworksBuildPhase;
			buildActionMask = 2147483647;
			files = (
				1D60589F0D05DD5A006BFB54 /* Foundation.framework in Frameworks */,
				1DF5F4E00D08C38300B7A737 /* UIKit.framework in Frameworks */,
				288765A50DF7441C002DB57D /* CoreGraphics.framework in Frameworks */,
				28D801B40F44B63D00FB423F /* CoreData.framework in Frameworks */,
			);
			runOnlyForDeploymentPostprocessing = 0;
		};
/* End PBXFrameworksBuildPhase section */

/* Begin PBXGroup section */
		080E96DDFE201D6D7F000001 /* Classes */ = {
			isa = PBXGroup;
			children = (
				83B741460F8C31380038FBB2 /* View */,
				83BAF1020FD716C900260217 /* Control */,
				839CFB610F89CC01001505FD /* Model */,
				1D3623240D0F684500981E51 /* MonopolyAppDelegate.h */,
				1D3623250D0F684500981E51 /* MonopolyAppDelegate.m */,
			);
			path = Classes;
			sourceTree = "<group>";
		};
		19C28FACFE9D520D11CA2CBB /* Products */ = {
			isa = PBXGroup;
			children = (
				1D6058910D05DD3D006BFB54 /* Monopoly.app */,
			);
			name = Products;
			sourceTree = "<group>";
		};
		29B97314FDCFA39411CA2CEA /* CustomTemplate */ = {
			isa = PBXGroup;
			children = (
				080E96DDFE201D6D7F000001 /* Classes */,
				29B97315FDCFA39411CA2CEA /* Other Sources */,
				29B97317FDCFA39411CA2CEA /* Resources */,
				29B97323FDCFA39411CA2CEA /* Frameworks */,
				19C28FACFE9D520D11CA2CBB /* Products */,
			);
			name = CustomTemplate;
			sourceTree = "<group>";
		};
		29B97315FDCFA39411CA2CEA /* Other Sources */ = {
			isa = PBXGroup;
			children = (
				32CA4F630368D1EE00C91783 /* Monopoly_Prefix.pch */,
				29B97316FDCFA39411CA2CEA /* main.m */,
			);
			name = "Other Sources";
			sourceTree = "<group>";
		};
		29B97317FDCFA39411CA2CEA /* Resources */ = {
			isa = PBXGroup;
			children = (
				83A7ED590FD7C11400908502 /* pieces */,
				83A7ED270FD7BEBB00908502 /* die.png */,
				83A7ED250FD7BDAC00908502 /* person.png */,
				83F444490FC0E80100704C5E /* background.jpg */,
				8346B8A60FB9280600FA9908 /* newboardshrunk.png */,
				83830CC90F9EF78E00C47AAC /* Icon.png */,
				83830CCA0F9EF78E00C47AAC /* Icon512.png */,
				83830CC70F9EF5FE00C47AAC /* monopoly-man.jpg */,
				839B71E20F9BADF8007C2A7C /* Monopoly.xcclassmodel */,
				28C3AD890F43EF2300507BA6 /* Monopoly.xcdatamodel */,
				8D1107310486CEB800E47090 /* Monopoly-Info.plist */,
				839DF34C0F9ECC5600B0235D /* MonopolySpaces.plist */,
				83A7ED7E0FD7C36700908502 /* Default.png */,
			);
			name = Resources;
			sourceTree = "<group>";
		};
		29B97323FDCFA39411CA2CEA /* Frameworks */ = {
			isa = PBXGroup;
			children = (
				1DF5F4DF0D08C38300B7A737 /* UIKit.framework */,
				1D30AB110D05D00D00671497 /* Foundation.framework */,
				288765A40DF7441C002DB57D /* CoreGraphics.framework */,
				28D801B30F44B63D00FB423F /* CoreData.framework */,
			);
			name = Frameworks;
			sourceTree = "<group>";
		};
		839CFB610F89CC01001505FD /* Model */ = {
			isa = PBXGroup;
			children = (
				83F444880FC4F2C800704C5E /* GameBoardSpaces */,
				830E69560F927ED4005D1E44 /* Player.h */,
				830E69570F927ED4005D1E44 /* Player.m */,
				839CF9D80F89B13B001505FD /* GameBoard.h */,
				839CF9D90F89B13B001505FD /* GameBoard.m */,
				831A82140F8949C600ACCE76 /* Die.h */,
				831A82150F8949C600ACCE76 /* Die.m */,
			);
			name = Model;
			sourceTree = "<group>";
		};
		839CFC070F89D93A001505FD /* GuiControl */ = {
			isa = PBXGroup;
			children = (
				83E807200FAFF4DC00194F55 /* GameTurn.h */,
				83E807210FAFF4DC00194F55 /* GameTurn.m */,
				839EB7F90FA18442005CB448 /* PlayersScreen.h */,
				839EB7FA0FA18442005CB448 /* PlayersScreen.m */,
				839EB7F10FA18335005CB448 /* BoardScreen.h */,
				839EB7F20FA18335005CB448 /* BoardScreen.m */,
				839EB7EC0FA18322005CB448 /* GameScreen.h */,
				839EB7ED0FA18322005CB448 /* GameScreen.m */,
				83BA2E020F9CFB12005A76F1 /* GameStartupScreen.h */,
				83BA2E030F9CFB12005A76F1 /* GameStartupScreen.m */,
				8384CACF0FAC1AD800309647 /* PlayerScreenDetail.h */,
				8384CAD00FAC1AD800309647 /* PlayerScreenDetail.m */,
				83DAFEF90FAD5D23001227D6 /* PreGameSettings.h */,
				83DAFEFA0FAD5D23001227D6 /* PreGameSettings.m */,
			);
			name = GuiControl;
			sourceTree = "<group>";
		};
		83A7ED590FD7C11400908502 /* pieces */ = {
			isa = PBXGroup;
			children = (
				83A7ED5A0FD7C11400908502 /* bullettrain.png */,
				83A7ED5B0FD7C11400908502 /* car.png */,
				83A7ED5C0FD7C11400908502 /* dog.png */,
				83A7ED5D0FD7C11400908502 /* hat.png */,
				83A7ED5E0FD7C11400908502 /* horse.png */,
				83A7ED5F0FD7C11400908502 /* thimble.png */,
			);
			path = pieces;
			sourceTree = "<group>";
		};
		83B741460F8C31380038FBB2 /* View */ = {
			isa = PBXGroup;
			children = (
				28AD733E0D9D9553002E5188 /* MainWindow.xib */,
				839EB7EE0FA18322005CB448 /* GameScreen.xib */,
				839EB7F30FA18335005CB448 /* BoardScreen.xib */,
				839EB7FB0FA18442005CB448 /* PlayersScreen.xib */,
				8384CAD10FAC1AD800309647 /* PlayerScreenDetail.xib */,
				83DAFEFB0FAD5D23001227D6 /* PreGameSettings.xib */,
				83E807220FAFF4DC00194F55 /* GameTurn.xib */,
			);
			name = View;
			sourceTree = "<group>";
		};
		83BAF1020FD716C900260217 /* Control */ = {
			isa = PBXGroup;
			children = (
				839CFC070F89D93A001505FD /* GuiControl */,
				83D351920F92C723000EAB0C /* ModelControl */,
			);
			name = Control;
			sourceTree = "<group>";
		};
		83D351920F92C723000EAB0C /* ModelControl */ = {
			isa = PBXGroup;
			children = (
				830E69530F927ED4005D1E44 /* GameController.h */,
				830E69540F927ED4005D1E44 /* GameController.m */,
			);
			name = ModelControl;
			sourceTree = "<group>";
		};
		83F444880FC4F2C800704C5E /* GameBoardSpaces */ = {
			isa = PBXGroup;
			children = (
				83F4448A0FC4F32C00704C5E /* PropertyRelated */,
				83F444890FC4F31D00704C5E /* ActionSpaces */,
				839CF9DE0F89B2B2001505FD /* GameBoardSpace.h */,
				839CF9DF0F89B2B2001505FD /* GameBoardSpace.m */,
			);
			name = GameBoardSpaces;
			sourceTree = "<group>";
		};
		83F444890FC4F31D00704C5E /* ActionSpaces */ = {
			isa = PBXGroup;
			children = (
				83F444840FC4F25E00704C5E /* LuxuryTaxBoardSpace.h */,
				83F444850FC4F25E00704C5E /* LuxuryTaxBoardSpace.m */,
				83F4448B0FC4F38E00704C5E /* IncomeTaxBoardSpace.h */,
				83F4448C0FC4F38E00704C5E /* IncomeTaxBoardSpace.m */,
				83F4447F0FC4F17600704C5E /* CommunityChestBoardSpace.h */,
				83F444800FC4F17600704C5E /* CommunityChestBoardSpace.m */,
				83F444790FC4EEB000704C5E /* ChanceBoardSpace.h */,
				83F4447A0FC4EEB000704C5E /* ChanceBoardSpace.m */,
				83CABB0C0FCF7AF6004E80CD /* GoToJailSpace.h */,
				83CABB0D0FCF7AF6004E80CD /* GoToJailSpace.m */,
			);
			name = ActionSpaces;
			sourceTree = "<group>";
		};
		83F4448A0FC4F32C00704C5E /* PropertyRelated */ = {
			isa = PBXGroup;
			children = (
				83DFDF6B0FA6D56800A616A7 /* PropertyBoardSpace.h */,
				83DFDF6C0FA6D56800A616A7 /* PropertyBoardSpace.m */,
				83DFDF6F0FA6D63200A616A7 /* ImprovablePropertySpace.h */,
				83DFDF700FA6D63200A616A7 /* ImprovablePropertySpace.m */,
				83F444710FC4E98400704C5E /* UtilityBoardSpace.h */,
				83F444720FC4E98400704C5E /* UtilityBoardSpace.m */,
				83CABAFC0FCF761E004E80CD /* RailRoadBoardSpace.h */,
				83CABAFD0FCF761E004E80CD /* RailRoadBoardSpace.m */,
			);
			name = PropertyRelated;
			sourceTree = "<group>";
		};
/* End PBXGroup section */

/* Begin PBXNativeTarget section */
		1D6058900D05DD3D006BFB54 /* Monopoly */ = {
			isa = PBXNativeTarget;
			buildConfigurationList = 1D6058960D05DD3E006BFB54 /* Build configuration list for PBXNativeTarget "Monopoly" */;
			buildPhases = (
				1D60588D0D05DD3D006BFB54 /* Resources */,
				1D60588E0D05DD3D006BFB54 /* Sources */,
				1D60588F0D05DD3D006BFB54 /* Frameworks */,
			);
			buildRules = (
			);
			dependencies = (
			);
			name = Monopoly;
			productName = Monopoly;
			productReference = 1D6058910D05DD3D006BFB54 /* Monopoly.app */;
			productType = "com.apple.product-type.application";
		};
/* End PBXNativeTarget section */

/* Begin PBXProject section */
		29B97313FDCFA39411CA2CEA /* Project object */ = {
			isa = PBXProject;
			buildConfigurationList = C01FCF4E08A954540054247B /* Build configuration list for PBXProject "Monopoly" */;
			compatibilityVersion = "Xcode 3.1";
			hasScannedForEncodings = 1;
			mainGroup = 29B97314FDCFA39411CA2CEA /* CustomTemplate */;
			projectDirPath = "";
			projectRoot = "";
			targets = (
				1D6058900D05DD3D006BFB54 /* Monopoly */,
			);
		};
/* End PBXProject section */

/* Begin PBXResourcesBuildPhase section */
		1D60588D0D05DD3D006BFB54 /* Resources */ = {
			isa = PBXResourcesBuildPhase;
			buildActionMask = 2147483647;
			files = (
				28AD733F0D9D9553002E5188 /* MainWindow.xib in Resources */,
				839B71E30F9BADF8007C2A7C /* Monopoly.xcclassmodel in Resources */,
				839DF34D0F9ECC5600B0235D /* MonopolySpaces.plist in Resources */,
				83830CC80F9EF5FE00C47AAC /* monopoly-man.jpg in Resources */,
				83830CCB0F9EF78E00C47AAC /* Icon.png in Resources */,
				83830CCC0F9EF78E00C47AAC /* Icon512.png in Resources */,
				839EB7F00FA18322005CB448 /* GameScreen.xib in Resources */,
				839EB7F50FA18335005CB448 /* BoardScreen.xib in Resources */,
				839EB7FD0FA18442005CB448 /* PlayersScreen.xib in Resources */,
				8384CAD30FAC1AD800309647 /* PlayerScreenDetail.xib in Resources */,
				83DAFEFD0FAD5D23001227D6 /* PreGameSettings.xib in Resources */,
				83E807240FAFF4DC00194F55 /* GameTurn.xib in Resources */,
				8346B8A70FB9280600FA9908 /* newboardshrunk.png in Resources */,
				83F4444A0FC0E80100704C5E /* background.jpg in Resources */,
				83A7ED260FD7BDAC00908502 /* person.png in Resources */,
				83A7ED280FD7BEBB00908502 /* die.png in Resources */,
				83A7ED600FD7C11400908502 /* bullettrain.png in Resources */,
				83A7ED610FD7C11400908502 /* car.png in Resources */,
				83A7ED620FD7C11400908502 /* dog.png in Resources */,
				83A7ED630FD7C11400908502 /* hat.png in Resources */,
				83A7ED640FD7C11400908502 /* horse.png in Resources */,
				83A7ED650FD7C11400908502 /* thimble.png in Resources */,
				83A7ED7F0FD7C36700908502 /* Default.png in Resources */,
			);
			runOnlyForDeploymentPostprocessing = 0;
		};
/* End PBXResourcesBuildPhase section */

/* Begin PBXSourcesBuildPhase section */
		1D60588E0D05DD3D006BFB54 /* Sources */ = {
			isa = PBXSourcesBuildPhase;
			buildActionMask = 2147483647;
			files = (
				1D60589B0D05DD56006BFB54 /* main.m in Sources */,
				1D3623260D0F684500981E51 /* MonopolyAppDelegate.m in Sources */,
				28C3AD8A0F43EF2300507BA6 /* Monopoly.xcdatamodel in Sources */,
				831A82160F8949C600ACCE76 /* Die.m in Sources */,
				839CF9DA0F89B13B001505FD /* GameBoard.m in Sources */,
				839CF9E00F89B2B2001505FD /* GameBoardSpace.m in Sources */,
				830E69580F927ED4005D1E44 /* GameController.m in Sources */,
				830E69590F927ED4005D1E44 /* Player.m in Sources */,
				83BA2E050F9CFB12005A76F1 /* GameStartupScreen.m in Sources */,
				839EB7EF0FA18322005CB448 /* GameScreen.m in Sources */,
				839EB7F40FA18335005CB448 /* BoardScreen.m in Sources */,
				839EB7FC0FA18442005CB448 /* PlayersScreen.m in Sources */,
				83DFDF6D0FA6D56800A616A7 /* PropertyBoardSpace.m in Sources */,
				83DFDF710FA6D63200A616A7 /* ImprovablePropertySpace.m in Sources */,
				8384CAD20FAC1AD800309647 /* PlayerScreenDetail.m in Sources */,
				83DAFEFC0FAD5D23001227D6 /* PreGameSettings.m in Sources */,
				83E807230FAFF4DC00194F55 /* GameTurn.m in Sources */,
				83F444730FC4E98400704C5E /* UtilityBoardSpace.m in Sources */,
				83F4447B0FC4EEB000704C5E /* ChanceBoardSpace.m in Sources */,
				83F444810FC4F17600704C5E /* CommunityChestBoardSpace.m in Sources */,
				83F444860FC4F25E00704C5E /* LuxuryTaxBoardSpace.m in Sources */,
				83F4448D0FC4F38E00704C5E /* IncomeTaxBoardSpace.m in Sources */,
				83CABAFE0FCF761E004E80CD /* RailRoadBoardSpace.m in Sources */,
				83CABB0E0FCF7AF6004E80CD /* GoToJailSpace.m in Sources */,
			);
			runOnlyForDeploymentPostprocessing = 0;
		};
/* End PBXSourcesBuildPhase section */

/* Begin XCBuildConfiguration section */
		1D6058940D05DD3E006BFB54 /* Debug */ = {
			isa = XCBuildConfiguration;
			buildSettings = {
				ALWAYS_SEARCH_USER_PATHS = NO;
				COPY_PHASE_STRIP = NO;
				FRAMEWORK_SEARCH_PATHS = (
					"$(inherited)",
					"\"/Volumes/Skiiing2/CD/ViewBased/Unknown Path/System/Library/Frameworks\"",
				);
				GCC_DYNAMIC_NO_PIC = NO;
				GCC_OPTIMIZATION_LEVEL = 0;
				GCC_PRECOMPILE_PREFIX_HEADER = YES;
				GCC_PREFIX_HEADER = Monopoly_Prefix.pch;
				INFOPLIST_FILE = "Monopoly-Info.plist";
				PRODUCT_NAME = Monopoly;
				XCODEBUILD_PROJECT_FILE_PATH = "$(PROJECT_FILE_PATH)";
				XCODEBUILD_PROJECT_NAME = "$(PROJECT_NAME)";
				XCODEBUILD_TARGET_NAME = "$(TARGET_NAME)";
			};
			name = Debug;
		};
		1D6058950D05DD3E006BFB54 /* Release */ = {
			isa = XCBuildConfiguration;
			buildSettings = {
				ALWAYS_SEARCH_USER_PATHS = NO;
				COPY_PHASE_STRIP = YES;
				FRAMEWORK_SEARCH_PATHS = (
					"$(inherited)",
					"\"/Volumes/Skiiing2/CD/ViewBased/Unknown Path/System/Library/Frameworks\"",
				);
				GCC_PRECOMPILE_PREFIX_HEADER = YES;
				GCC_PREFIX_HEADER = Monopoly_Prefix.pch;
				INFOPLIST_FILE = "Monopoly-Info.plist";
				PRODUCT_NAME = Monopoly;
			};
			name = Release;
		};
		C01FCF4F08A954540054247B /* Debug */ = {
			isa = XCBuildConfiguration;
			buildSettings = {
				ARCHS = "$(ARCHS_STANDARD_32_BIT)";
				"CODE_SIGN_IDENTITY[sdk=iphoneos*]" = "iPhone Developer";
				GCC_C_LANGUAGE_STANDARD = c99;
				GCC_WARN_ABOUT_RETURN_TYPE = YES;
				GCC_WARN_UNUSED_VARIABLE = YES;
				ONLY_ACTIVE_ARCH = YES;
				PREBINDING = NO;
				SDKROOT = iphoneos3.0;
			};
			name = Debug;
		};
		C01FCF5008A954540054247B /* Release */ = {
			isa = XCBuildConfiguration;
			buildSettings = {
				ARCHS = "$(ARCHS_STANDARD_32_BIT)";
				"CODE_SIGN_IDENTITY[sdk=iphoneos*]" = "iPhone Developer";
				GCC_C_LANGUAGE_STANDARD = c99;
				GCC_WARN_ABOUT_RETURN_TYPE = YES;
				GCC_WARN_UNUSED_VARIABLE = YES;
				PREBINDING = NO;
				SDKROOT = iphoneos3.0;
			};
			name = Release;
		};
/* End XCBuildConfiguration section */

/* Begin XCConfigurationList section */
		1D6058960D05DD3E006BFB54 /* Build configuration list for PBXNativeTarget "Monopoly" */ = {
			isa = XCConfigurationList;
			buildConfigurations = (
				1D6058940D05DD3E006BFB54 /* Debug */,
				1D6058950D05DD3E006BFB54 /* Release */,
			);
			defaultConfigurationIsVisible = 0;
			defaultConfigurationName = Release;
		};
		C01FCF4E08A954540054247B /* Build configuration list for PBXProject "Monopoly" */ = {
			isa = XCConfigurationList;
			buildConfigurations = (
				C01FCF4F08A954540054247B /* Debug */,
				C01FCF5008A954540054247B /* Release */,
			);
			defaultConfigurationIsVisible = 0;
			defaultConfigurationName = Release;
		};
/* End XCConfigurationList section */
	};
	rootObject = 29B97313FDCFA39411CA2CEA /* Project object */;
}
