// !$*UTF8*$!
{
	archiveVersion = 1;
	classes = {
	};
	objectVersion = 45;
	objects = {

/* Begin PBXBuildFile section */
		1D3623260D0F684500981E51 /* MonopolyAppDelegate.m in Sources */ = {isa = PBXBuildFile; fileRef = 1D3623250D0F684500981E51 /* MonopolyAppDelegate.m */; };
		1D60589B0D05DD56006BFB54 /* main.m in Sources */ = {isa = PBXBuildFile; fileRef = 29B97316FDCFA39411CA2CEA /* main.m */; };
		1D60589F0D05DD5A006BFB54 /* Foundation.framework in Frameworks */ = {isa = PBXBuildFile; fileRef = 1D30AB110D05D00D00671497 /* Foundation.framework */; };
		1DF5F4E00D08C38300B7A737 /* UIKit.framework in Frameworks */ = {isa = PBXBuildFile; fileRef = 1DF5F4DF0D08C38300B7A737 /* UIKit.framework */; };
		288765A50DF7441C002DB57D /* CoreGraphics.framework in Frameworks */ = {isa = PBXBuildFile; fileRef = 288765A40DF7441C002DB57D /* CoreGraphics.framework */; };
		28AD733F0D9D9553002E5188 /* MainWindow.xib in Resources */ = {isa = PBXBuildFile; fileRef = 28AD733E0D9D9553002E5188 /* MainWindow.xib */; };
		28C3AD8A0F43EF2300507BA6 /* Monopoly.xcdatamodel in Sources */ = {isa = PBXBuildFile; fileRef = 28C3AD890F43EF2300507BA6 /* Monopoly.xcdatamodel */; };
		28D801B40F44B63D00FB423F /* CoreData.framework in Frameworks */ = {isa = PBXBuildFile; fileRef = 28D801B30F44B63D00FB423F /* CoreData.framework */; settings = {ATTRIBUTES = (Weak, ); }; };
		830E69580F927ED4005D1E44 /* GameController.m in Sources */ = {isa = PBXBuildFile; fileRef = 830E69540F927ED4005D1E44 /* GameController.m */; };
		830E69590F927ED4005D1E44 /* Player.m in Sources */ = {isa = PBXBuildFile; fileRef = 830E69570F927ED4005D1E44 /* Player.m */; };
		831A82160F8949C600ACCE76 /* Die.m in Sources */ = {isa = PBXBuildFile; fileRef = 831A82150F8949C600ACCE76 /* Die.m */; };
		837B68400FA2E20B00C72CF5 /* Monopoly Board.jpg in Resources */ = {isa = PBXBuildFile; fileRef = 837B683F0FA2E20B00C72CF5 /* Monopoly Board.jpg */; };
		83830CC80F9EF5FE00C47AAC /* monopoly-man.jpg in Resources */ = {isa = PBXBuildFile; fileRef = 83830CC70F9EF5FE00C47AAC /* monopoly-man.jpg */; };
		83830CCB0F9EF78E00C47AAC /* Icon.png in Resources */ = {isa = PBXBuildFile; fileRef = 83830CC90F9EF78E00C47AAC /* Icon.png */; };
		83830CCC0F9EF78E00C47AAC /* Icon512.png in Resources */ = {isa = PBXBuildFile; fileRef = 83830CCA0F9EF78E00C47AAC /* Icon512.png */; };
		839B71E30F9BADF8007C2A7C /* Monopoly.xcclassmodel in Resources */ = {isa = PBXBuildFile; fileRef = 839B71E20F9BADF8007C2A7C /* Monopoly.xcclassmodel */; };
		839CF9DA0F89B13B001505FD /* GameBoard.m in Sources */ = {isa = PBXBuildFile; fileRef = 839CF9D90F89B13B001505FD /* GameBoard.m */; };
		839CF9E00F89B2B2001505FD /* GameBoardSpace.m in Sources */ = {isa = PBXBuildFile; fileRef = 839CF9DF0F89B2B2001505FD /* GameBoardSpace.m */; };
		839DF34D0F9ECC5600B0235D /* MonopolySpaces.plist in Resources */ = {isa = PBXBuildFile; fileRef = 839DF34C0F9ECC5600B0235D /* MonopolySpaces.plist */; };
		839EB7EF0FA18322005CB448 /* GameScreen.m in Sources */ = {isa = PBXBuildFile; fileRef = 839EB7ED0FA18322005CB448 /* GameScreen.m */; };
		839EB7F00FA18322005CB448 /* GameScreen.xib in Resources */ = {isa = PBXBuildFile; fileRef = 839EB7EE0FA18322005CB448 /* GameScreen.xib */; };
		839EB7F40FA18335005CB448 /* BoardScreen.m in Sources */ = {isa = PBXBuildFile; fileRef = 839EB7F20FA18335005CB448 /* BoardScreen.m */; };
		839EB7F50FA18335005CB448 /* BoardScreen.xib in Resources */ = {isa = PBXBuildFile; fileRef = 839EB7F30FA18335005CB448 /* BoardScreen.xib */; };
		839EB7FC0FA18442005CB448 /* PlayersScreen.m in Sources */ = {isa = PBXBuildFile; fileRef = 839EB7FA0FA18442005CB448 /* PlayersScreen.m */; };
		839EB7FD0FA18442005CB448 /* PlayersScreen.xib in Resources */ = {isa = PBXBuildFile; fileRef = 839EB7FB0FA18442005CB448 /* PlayersScreen.xib */; };
		839EB9190FA19404005CB448 /* Default.png in Resources */ = {isa = PBXBuildFile; fileRef = 839EB9180FA19404005CB448 /* Default.png */; };
		83BA2E050F9CFB12005A76F1 /* GameStartupScreen.m in Sources */ = {isa = PBXBuildFile; fileRef = 83BA2E030F9CFB12005A76F1 /* GameStartupScreen.m */; };
		83DFDF6D0FA6D56800A616A7 /* PropertyBoardSpace.m in Sources */ = {isa = PBXBuildFile; fileRef = 83DFDF6C0FA6D56800A616A7 /* PropertyBoardSpace.m */; };
		83DFDF710FA6D63200A616A7 /* ImprovablePropertySpace.m in Sources */ = {isa = PBXBuildFile; fileRef = 83DFDF700FA6D63200A616A7 /* ImprovablePropertySpace.m */; };
/* End PBXBuildFile section */

/* Begin PBXFileReference section */
		1D30AB110D05D00D00671497 /* Foundation.framework */ = {isa = PBXFileReference; lastKnownFileType = wrapper.framework; name = Foundation.framework; path = System/Library/Frameworks/Foundation.framework; sourceTree = SDKROOT; };
		1D3623240D0F684500981E51 /* MonopolyAppDelegate.h */ = {isa = PBXFileReference; fileEncoding = 4; lastKnownFileType = sourcecode.c.h; path = MonopolyAppDelegate.h; sourceTree = "<group>"; };
		1D3623250D0F684500981E51 /* MonopolyAppDelegate.m */ = {isa = PBXFileReference; fileEncoding = 4; lastKnownFileType = sourcecode.c.objc; path = MonopolyAppDelegate.m; sourceTree = "<group>"; };
		1D6058910D05DD3D006BFB54 /* Monopoly.app */ = {isa = PBXFileReference; explicitFileType = wrapper.application; includeInIndex = 0; path = Monopoly.app; sourceTree = BUILT_PRODUCTS_DIR; };
		1DF5F4DF0D08C38300B7A737 /* UIKit.framework */ = {isa = PBXFileReference; lastKnownFileType = wrapper.framework; name = UIKit.framework; path = System/Library/Frameworks/UIKit.framework; sourceTree = SDKROOT; };
		288765A40DF7441C002DB57D /* CoreGraphics.framework */ = {isa = PBXFileReference; lastKnownFileType = wrapper.framework; name = CoreGraphics.framework; path = System/Library/Frameworks/CoreGraphics.framework; sourceTree = SDKROOT; };
		28AD733E0D9D9553002E5188 /* MainWindow.xib */ = {isa = PBXFileReference; lastKnownFileType = file.xib; name = MainWindow.xib; path = ../nibs/MainWindow.xib; sourceTree = "<group>"; };
		28C3AD890F43EF2300507BA6 /* Monopoly.xcdatamodel */ = {isa = PBXFileReference; fileEncoding = 4; lastKnownFileType = wrapper.xcdatamodel; path = Monopoly.xcdatamodel; sourceTree = "<group>"; };
		28D801B30F44B63D00FB423F /* CoreData.framework */ = {isa = PBXFileReference; lastKnownFileType = wrapper.framework; name = CoreData.framework; path = System/Library/Frameworks/CoreData.framework; sourceTree = SDKROOT; };
		29B97316FDCFA39411CA2CEA /* main.m */ = {isa = PBXFileReference; fileEncoding = 4; lastKnownFileType = sourcecode.c.objc; path = main.m; sourceTree = "<group>"; };
		32CA4F630368D1EE00C91783 /* Monopoly_Prefix.pch */ = {isa = PBXFileReference; fileEncoding = 4; lastKnownFileType = sourcecode.c.h; path = Monopoly_Prefix.pch; sourceTree = "<group>"; };
		830E69530F927ED4005D1E44 /* GameController.h */ = {isa = PBXFileReference; fileEncoding = 4; lastKnownFileType = sourcecode.c.h; path = GameController.h; sourceTree = "<group>"; };
		830E69540F927ED4005D1E44 /* GameController.m */ = {isa = PBXFileReference; fileEncoding = 4; lastKnownFileType = sourcecode.c.objc; path = GameController.m; sourceTree = "<group>"; };
		830E69560F927ED4005D1E44 /* Player.h */ = {isa = PBXFileReference; fileEncoding = 4; lastKnownFileType = sourcecode.c.h; path = Player.h; sourceTree = "<group>"; };
		830E69570F927ED4005D1E44 /* Player.m */ = {isa = PBXFileReference; fileEncoding = 4; lastKnownFileType = sourcecode.c.objc; path = Player.m; sourceTree = "<group>"; };
		831A82140F8949C600ACCE76 /* Die.h */ = {isa = PBXFileReference; fileEncoding = 4; lastKnownFileType = sourcecode.c.h; path = Die.h; sourceTree = "<group>"; };
		831A82150F8949C600ACCE76 /* Die.m */ = {isa = PBXFileReference; fileEncoding = 4; lastKnownFileType = sourcecode.c.objc; path = Die.m; sourceTree = "<group>"; };
		837B683F0FA2E20B00C72CF5 /* Monopoly Board.jpg */ = {isa = PBXFileReference; lastKnownFileType = image.jpeg; path = "Monopoly Board.jpg"; sourceTree = "<group>"; };
		83830CC70F9EF5FE00C47AAC /* monopoly-man.jpg */ = {isa = PBXFileReference; lastKnownFileType = image.jpeg; path = "monopoly-man.jpg"; sourceTree = "<group>"; };
		83830CC90F9EF78E00C47AAC /* Icon.png */ = {isa = PBXFileReference; lastKnownFileType = image.png; path = Icon.png; sourceTree = "<group>"; };
		83830CCA0F9EF78E00C47AAC /* Icon512.png */ = {isa = PBXFileReference; lastKnownFileType = image.png; path = Icon512.png; sourceTree = "<group>"; };
		839B71E20F9BADF8007C2A7C /* Monopoly.xcclassmodel */ = {isa = PBXFileReference; lastKnownFileType = wrapper.xcclassmodel; path = Monopoly.xcclassmodel; sourceTree = "<group>"; };
		839CF9D80F89B13B001505FD /* GameBoard.h */ = {isa = PBXFileReference; fileEncoding = 4; lastKnownFileType = sourcecode.c.h; path = GameBoard.h; sourceTree = "<group>"; };
		839CF9D90F89B13B001505FD /* GameBoard.m */ = {isa = PBXFileReference; fileEncoding = 4; lastKnownFileType = sourcecode.c.objc; path = GameBoard.m; sourceTree = "<group>"; };
		839CF9DE0F89B2B2001505FD /* GameBoardSpace.h */ = {isa = PBXFileReference; fileEncoding = 4; lastKnownFileType = sourcecode.c.h; path = GameBoardSpace.h; sourceTree = "<group>"; };
		839CF9DF0F89B2B2001505FD /* GameBoardSpace.m */ = {isa = PBXFileReference; fileEncoding = 4; lastKnownFileType = sourcecode.c.objc; path = GameBoardSpace.m; sourceTree = "<group>"; };
		839DF34C0F9ECC5600B0235D /* MonopolySpaces.plist */ = {isa = PBXFileReference; fileEncoding = 4; lastKnownFileType = text.plist.xml; path = MonopolySpaces.plist; sourceTree = "<group>"; };
		839EB7EC0FA18322005CB448 /* GameScreen.h */ = {isa = PBXFileReference; fileEncoding = 4; lastKnownFileType = sourcecode.c.h; path = GameScreen.h; sourceTree = "<group>"; };
		839EB7ED0FA18322005CB448 /* GameScreen.m */ = {isa = PBXFileReference; fileEncoding = 4; lastKnownFileType = sourcecode.c.objc; path = GameScreen.m; sourceTree = "<group>"; };
		839EB7EE0FA18322005CB448 /* GameScreen.xib */ = {isa = PBXFileReference; lastKnownFileType = file.xib; path = GameScreen.xib; sourceTree = "<group>"; };
		839EB7F10FA18335005CB448 /* BoardScreen.h */ = {isa = PBXFileReference; fileEncoding = 4; lastKnownFileType = sourcecode.c.h; path = BoardScreen.h; sourceTree = "<group>"; };
		839EB7F20FA18335005CB448 /* BoardScreen.m */ = {isa = PBXFileReference; fileEncoding = 4; lastKnownFileType = sourcecode.c.objc; path = BoardScreen.m; sourceTree = "<group>"; };
		839EB7F30FA18335005CB448 /* BoardScreen.xib */ = {isa = PBXFileReference; lastKnownFileType = file.xib; path = BoardScreen.xib; sourceTree = "<group>"; };
		839EB7F90FA18442005CB448 /* PlayersScreen.h */ = {isa = PBXFileReference; fileEncoding = 4; lastKnownFileType = sourcecode.c.h; path = PlayersScreen.h; sourceTree = "<group>"; };
		839EB7FA0FA18442005CB448 /* PlayersScreen.m */ = {isa = PBXFileReference; fileEncoding = 4; lastKnownFileType = sourcecode.c.objc; path = PlayersScreen.m; sourceTree = "<group>"; };
		839EB7FB0FA18442005CB448 /* PlayersScreen.xib */ = {isa = PBXFileReference; lastKnownFileType = file.xib; path = PlayersScreen.xib; sourceTree = "<group>"; };
		839EB9180FA19404005CB448 /* Default.png */ = {isa = PBXFileReference; lastKnownFileType = image.png; path = Default.png; sourceTree = "<group>"; };
		83BA2E020F9CFB12005A76F1 /* GameStartupScreen.h */ = {isa = PBXFileReference; fileEncoding = 4; lastKnownFileType = sourcecode.c.h; path = GameStartupScreen.h; sourceTree = "<group>"; };
		83BA2E030F9CFB12005A76F1 /* GameStartupScreen.m */ = {isa = PBXFileReference; fileEncoding = 4; lastKnownFileType = sourcecode.c.objc; path = GameStartupScreen.m; sourceTree = "<group>"; };
		83DFDF6B0FA6D56800A616A7 /* PropertyBoardSpace.h */ = {isa = PBXFileReference; fileEncoding = 4; lastKnownFileType = sourcecode.c.h; path = PropertyBoardSpace.h; sourceTree = "<group>"; };
		83DFDF6C0FA6D56800A616A7 /* PropertyBoardSpace.m */ = {isa = PBXFileReference; fileEncoding = 4; lastKnownFileType = sourcecode.c.objc; path = PropertyBoardSpace.m; sourceTree = "<group>"; };
		83DFDF6F0FA6D63200A616A7 /* ImprovablePropertySpace.h */ = {isa = PBXFileReference; fileEncoding = 4; lastKnownFileType = sourcecode.c.h; path = ImprovablePropertySpace.h; sourceTree = "<group>"; };
		83DFDF700FA6D63200A616A7 /* ImprovablePropertySpace.m */ = {isa = PBXFileReference; fileEncoding = 4; lastKnownFileType = sourcecode.c.objc; path = ImprovablePropertySpace.m; sourceTree = "<group>"; };
		8D1107310486CEB800E47090 /* Monopoly-Info.plist */ = {isa = PBXFileReference; fileEncoding = 4; lastKnownFileType = text.plist.xml; path = "Monopoly-Info.plist"; sourceTree = "<group>"; };
/* End PBXFileReference section */

/* Begin PBXFrameworksBuildPhase section */
		1D60588F0D05DD3D006BFB54 /* Frameworks */ = {
			isa = PBXFrameworksBuildPhase;
			buildActionMask = 2147483647;
			files = (
				1D60589F0D05DD5A006BFB54 /* Foundation.framework in Frameworks */,
				1DF5F4E00D08C38300B7A737 /* UIKit.framework in Frameworks */,
				288765A50DF7441C002DB57D /* CoreGraphics.framework in Frameworks */,
				28D801B40F44B63D00FB423F /* CoreData.framework in Frameworks */,
			);
			runOnlyForDeploymentPostprocessing = 0;
		};
/* End PBXFrameworksBuildPhase section */

/* Begin PBXGroup section */
		080E96DDFE201D6D7F000001 /* Classes */ = {
			isa = PBXGroup;
			children = (
				83B741460F8C31380038FBB2 /* View */,
				839CFC070F89D93A001505FD /* GuiControl */,
				83D351920F92C723000EAB0C /* ModelControl */,
				839CFB610F89CC01001505FD /* Model */,
				1D3623240D0F684500981E51 /* MonopolyAppDelegate.h */,
				1D3623250D0F684500981E51 /* MonopolyAppDelegate.m */,
			);
			path = Classes;
			sourceTree = "<group>";
		};
		19C28FACFE9D520D11CA2CBB /* Products */ = {
			isa = PBXGroup;
			children = (
				1D6058910D05DD3D006BFB54 /* Monopoly.app */,
			);
			name = Products;
			sourceTree = "<group>";
		};
		29B97314FDCFA39411CA2CEA /* CustomTemplate */ = {
			isa = PBXGroup;
			children = (
				080E96DDFE201D6D7F000001 /* Classes */,
				29B97315FDCFA39411CA2CEA /* Other Sources */,
				29B97317FDCFA39411CA2CEA /* Resources */,
				29B97323FDCFA39411CA2CEA /* Frameworks */,
				19C28FACFE9D520D11CA2CBB /* Products */,
			);
			name = CustomTemplate;
			sourceTree = "<group>";
		};
		29B97315FDCFA39411CA2CEA /* Other Sources */ = {
			isa = PBXGroup;
			children = (
				32CA4F630368D1EE00C91783 /* Monopoly_Prefix.pch */,
				29B97316FDCFA39411CA2CEA /* main.m */,
			);
			name = "Other Sources";
			sourceTree = "<group>";
		};
		29B97317FDCFA39411CA2CEA /* Resources */ = {
			isa = PBXGroup;
			children = (
				837B683F0FA2E20B00C72CF5 /* Monopoly Board.jpg */,
				83830CC90F9EF78E00C47AAC /* Icon.png */,
				83830CCA0F9EF78E00C47AAC /* Icon512.png */,
				83830CC70F9EF5FE00C47AAC /* monopoly-man.jpg */,
				839B71E20F9BADF8007C2A7C /* Monopoly.xcclassmodel */,
				28C3AD890F43EF2300507BA6 /* Monopoly.xcdatamodel */,
				8D1107310486CEB800E47090 /* Monopoly-Info.plist */,
				839DF34C0F9ECC5600B0235D /* MonopolySpaces.plist */,
				839EB9180FA19404005CB448 /* Default.png */,
			);
			name = Resources;
			sourceTree = "<group>";
		};
		29B97323FDCFA39411CA2CEA /* Frameworks */ = {
			isa = PBXGroup;
			children = (
				1DF5F4DF0D08C38300B7A737 /* UIKit.framework */,
				1D30AB110D05D00D00671497 /* Foundation.framework */,
				288765A40DF7441C002DB57D /* CoreGraphics.framework */,
				28D801B30F44B63D00FB423F /* CoreData.framework */,
			);
			name = Frameworks;
			sourceTree = "<group>";
		};
		839CFB610F89CC01001505FD /* Model */ = {
			isa = PBXGroup;
			children = (
				830E69560F927ED4005D1E44 /* Player.h */,
				830E69570F927ED4005D1E44 /* Player.m */,
				839CF9D80F89B13B001505FD /* GameBoard.h */,
				839CF9D90F89B13B001505FD /* GameBoard.m */,
				839CF9DE0F89B2B2001505FD /* GameBoardSpace.h */,
				839CF9DF0F89B2B2001505FD /* GameBoardSpace.m */,
				831A82140F8949C600ACCE76 /* Die.h */,
				831A82150F8949C600ACCE76 /* Die.m */,
				83DFDF6B0FA6D56800A616A7 /* PropertyBoardSpace.h */,
				83DFDF6C0FA6D56800A616A7 /* PropertyBoardSpace.m */,
				83DFDF6F0FA6D63200A616A7 /* ImprovablePropertySpace.h */,
				83DFDF700FA6D63200A616A7 /* ImprovablePropertySpace.m */,
			);
			name = Model;
			sourceTree = "<group>";
		};
		839CFC070F89D93A001505FD /* GuiControl */ = {
			isa = PBXGroup;
			children = (
				839EB7F90FA18442005CB448 /* PlayersScreen.h */,
				839EB7FA0FA18442005CB448 /* PlayersScreen.m */,
				839EB7F10FA18335005CB448 /* BoardScreen.h */,
				839EB7F20FA18335005CB448 /* BoardScreen.m */,
				839EB7EC0FA18322005CB448 /* GameScreen.h */,
				839EB7ED0FA18322005CB448 /* GameScreen.m */,
				83BA2E020F9CFB12005A76F1 /* GameStartupScreen.h */,
				83BA2E030F9CFB12005A76F1 /* GameStartupScreen.m */,
			);
			name = GuiControl;
			sourceTree = "<group>";
		};
		83B741460F8C31380038FBB2 /* View */ = {
			isa = PBXGroup;
			children = (
				28AD733E0D9D9553002E5188 /* MainWindow.xib */,
				839EB7EE0FA18322005CB448 /* GameScreen.xib */,
				839EB7F30FA18335005CB448 /* BoardScreen.xib */,
				839EB7FB0FA18442005CB448 /* PlayersScreen.xib */,
			);
			name = View;
			sourceTree = "<group>";
		};
		83D351920F92C723000EAB0C /* ModelControl */ = {
			isa = PBXGroup;
			children = (
				830E69530F927ED4005D1E44 /* GameController.h */,
				830E69540F927ED4005D1E44 /* GameController.m */,
			);
			name = ModelControl;
			sourceTree = "<group>";
		};
/* End PBXGroup section */

/* Begin PBXNativeTarget section */
		1D6058900D05DD3D006BFB54 /* Monopoly */ = {
			isa = PBXNativeTarget;
			buildConfigurationList = 1D6058960D05DD3E006BFB54 /* Build configuration list for PBXNativeTarget "Monopoly" */;
			buildPhases = (
				1D60588D0D05DD3D006BFB54 /* Resources */,
				1D60588E0D05DD3D006BFB54 /* Sources */,
				1D60588F0D05DD3D006BFB54 /* Frameworks */,
			);
			buildRules = (
			);
			dependencies = (
			);
			name = Monopoly;
			productName = Monopoly;
			productReference = 1D6058910D05DD3D006BFB54 /* Monopoly.app */;
			productType = "com.apple.product-type.application";
		};
/* End PBXNativeTarget section */

/* Begin PBXProject section */
		29B97313FDCFA39411CA2CEA /* Project object */ = {
			isa = PBXProject;
			buildConfigurationList = C01FCF4E08A954540054247B /* Build configuration list for PBXProject "Monopoly" */;
			compatibilityVersion = "Xcode 3.1";
			hasScannedForEncodings = 1;
			mainGroup = 29B97314FDCFA39411CA2CEA /* CustomTemplate */;
			projectDirPath = "";
			projectRoot = "";
			targets = (
				1D6058900D05DD3D006BFB54 /* Monopoly */,
			);
		};
/* End PBXProject section */

/* Begin PBXResourcesBuildPhase section */
		1D60588D0D05DD3D006BFB54 /* Resources */ = {
			isa = PBXResourcesBuildPhase;
			buildActionMask = 2147483647;
			files = (
				28AD733F0D9D9553002E5188 /* MainWindow.xib in Resources */,
				839B71E30F9BADF8007C2A7C /* Monopoly.xcclassmodel in Resources */,
				839DF34D0F9ECC5600B0235D /* MonopolySpaces.plist in Resources */,
				83830CC80F9EF5FE00C47AAC /* monopoly-man.jpg in Resources */,
				83830CCB0F9EF78E00C47AAC /* Icon.png in Resources */,
				83830CCC0F9EF78E00C47AAC /* Icon512.png in Resources */,
				839EB7F00FA18322005CB448 /* GameScreen.xib in Resources */,
				839EB7F50FA18335005CB448 /* BoardScreen.xib in Resources */,
				839EB7FD0FA18442005CB448 /* PlayersScreen.xib in Resources */,
				839EB9190FA19404005CB448 /* Default.png in Resources */,
				837B68400FA2E20B00C72CF5 /* Monopoly Board.jpg in Resources */,
			);
			runOnlyForDeploymentPostprocessing = 0;
		};
/* End PBXResourcesBuildPhase section */

/* Begin PBXSourcesBuildPhase section */
		1D60588E0D05DD3D006BFB54 /* Sources */ = {
			isa = PBXSourcesBuildPhase;
			buildActionMask = 2147483647;
			files = (
				1D60589B0D05DD56006BFB54 /* main.m in Sources */,
				1D3623260D0F684500981E51 /* MonopolyAppDelegate.m in Sources */,
				28C3AD8A0F43EF2300507BA6 /* Monopoly.xcdatamodel in Sources */,
				831A82160F8949C600ACCE76 /* Die.m in Sources */,
				839CF9DA0F89B13B001505FD /* GameBoard.m in Sources */,
				839CF9E00F89B2B2001505FD /* GameBoardSpace.m in Sources */,
				830E69580F927ED4005D1E44 /* GameController.m in Sources */,
				830E69590F927ED4005D1E44 /* Player.m in Sources */,
				83BA2E050F9CFB12005A76F1 /* GameStartupScreen.m in Sources */,
				839EB7EF0FA18322005CB448 /* GameScreen.m in Sources */,
				839EB7F40FA18335005CB448 /* BoardScreen.m in Sources */,
				839EB7FC0FA18442005CB448 /* PlayersScreen.m in Sources */,
				83DFDF6D0FA6D56800A616A7 /* PropertyBoardSpace.m in Sources */,
				83DFDF710FA6D63200A616A7 /* ImprovablePropertySpace.m in Sources */,
			);
			runOnlyForDeploymentPostprocessing = 0;
		};
/* End PBXSourcesBuildPhase section */

/* Begin XCBuildConfiguration section */
		1D6058940D05DD3E006BFB54 /* Debug */ = {
			isa = XCBuildConfiguration;
			buildSettings = {
				ALWAYS_SEARCH_USER_PATHS = NO;
				COPY_PHASE_STRIP = NO;
				FRAMEWORK_SEARCH_PATHS = (
					"$(inherited)",
					"\"/Volumes/Skiiing2/CD/ViewBased/Unknown Path/System/Library/Frameworks\"",
				);
				GCC_DYNAMIC_NO_PIC = NO;
				GCC_OPTIMIZATION_LEVEL = 0;
				GCC_PRECOMPILE_PREFIX_HEADER = YES;
				GCC_PREFIX_HEADER = Monopoly_Prefix.pch;
				INFOPLIST_FILE = "Monopoly-Info.plist";
				PRODUCT_NAME = Monopoly;
			};
			name = Debug;
		};
		1D6058950D05DD3E006BFB54 /* Release */ = {
			isa = XCBuildConfiguration;
			buildSettings = {
				ALWAYS_SEARCH_USER_PATHS = NO;
				COPY_PHASE_STRIP = YES;
				FRAMEWORK_SEARCH_PATHS = (
					"$(inherited)",
					"\"/Volumes/Skiiing2/CD/ViewBased/Unknown Path/System/Library/Frameworks\"",
				);
				GCC_PRECOMPILE_PREFIX_HEADER = YES;
				GCC_PREFIX_HEADER = Monopoly_Prefix.pch;
				INFOPLIST_FILE = "Monopoly-Info.plist";
				PRODUCT_NAME = Monopoly;
			};
			name = Release;
		};
		C01FCF4F08A954540054247B /* Debug */ = {
			isa = XCBuildConfiguration;
			buildSettings = {
				ARCHS = "$(ARCHS_STANDARD_32_BIT)";
				"CODE_SIGN_IDENTITY[sdk=iphoneos*]" = "iPhone Developer";
				GCC_C_LANGUAGE_STANDARD = c99;
				GCC_WARN_ABOUT_RETURN_TYPE = YES;
				GCC_WARN_UNUSED_VARIABLE = YES;
				ONLY_ACTIVE_ARCH = YES;
				PREBINDING = NO;
				SDKROOT = iphoneos3.0;
			};
			name = Debug;
		};
		C01FCF5008A954540054247B /* Release */ = {
			isa = XCBuildConfiguration;
			buildSettings = {
				ARCHS = "$(ARCHS_STANDARD_32_BIT)";
				"CODE_SIGN_IDENTITY[sdk=iphoneos*]" = "iPhone Developer";
				GCC_C_LANGUAGE_STANDARD = c99;
				GCC_WARN_ABOUT_RETURN_TYPE = YES;
				GCC_WARN_UNUSED_VARIABLE = YES;
				PREBINDING = NO;
				SDKROOT = iphoneos3.0;
			};
			name = Release;
		};
/* End XCBuildConfiguration section */

/* Begin XCConfigurationList section */
		1D6058960D05DD3E006BFB54 /* Build configuration list for PBXNativeTarget "Monopoly" */ = {
			isa = XCConfigurationList;
			buildConfigurations = (
				1D6058940D05DD3E006BFB54 /* Debug */,
				1D6058950D05DD3E006BFB54 /* Release */,
			);
			defaultConfigurationIsVisible = 0;
			defaultConfigurationName = Release;
		};
		C01FCF4E08A954540054247B /* Build configuration list for PBXProject "Monopoly" */ = {
			isa = XCConfigurationList;
			buildConfigurations = (
				C01FCF4F08A954540054247B /* Debug */,
				C01FCF5008A954540054247B /* Release */,
			);
			defaultConfigurationIsVisible = 0;
			defaultConfigurationName = Release;
		};
/* End XCConfigurationList section */
	};
	rootObject = 29B97313FDCFA39411CA2CEA /* Project object */;
}
